{
  "name": "textanalzer",
  "version": "1.0.0",
  "lockfileVersion": 1,
  "requires": true,
  "dependencies": {
    "const-max-uint32": {
      "version": "1.0.2",
      "resolved": "https://registry.npmjs.org/const-max-uint32/-/const-max-uint32-1.0.2.tgz",
      "integrity": "sha1-8Am7YjDmeO2HTdLWqc2ePL+rtnY="
    },
    "lancaster-stemmer": {
      "version": "1.0.4",
      "resolved": "https://registry.npmjs.org/lancaster-stemmer/-/lancaster-stemmer-1.0.4.tgz",
      "integrity": "sha512-5cxzOfZuP2iNO146/JKsBtE2O/vsrrXkgAiPIqaG4FDyuR2rbXvLHRhABzj8xbrAvxdRazhs/nFNbPF0hfJ7dA=="
    },
    "sprintf-js": {
      "version": "1.1.2",
      "resolved": "https://registry.npmjs.org/sprintf-js/-/sprintf-js-1.1.2.tgz",
      "integrity": "sha512-VE0SOVEHCk7Qc8ulkWw3ntAzXuqf7S2lvwQaDLRnUeIEaKNQJzV6BwmLKhOqT61aGhfUMrXeaBk+oDGCzvhcug=="
    },
    "stemmer": {
      "version": "1.0.4",
      "resolved": "https://registry.npmjs.org/stemmer/-/stemmer-1.0.4.tgz",
      "integrity": "sha512-3EOHP7r8MAmnAbl7u0VuAe0DFmaJNmbLq1OpxETvN6cmWOO5i++wVH11OkKme8B4XA78j3e/TJC/6/FDp35oLg=="
    },
    "text-miner": {
      "version": "1.0.6",
      "resolved": "https://registry.npmjs.org/text-miner/-/text-miner-1.0.6.tgz",
      "integrity": "sha512-jd7in4washeG8DIrKegmG0pAFW8FhKyR+Yn+f+M/JBdV6DEA8zzO/2LZG5X9G39d/8LJzNUFFjdS4Zn1A7AmAQ==",
      "requires": {
        "lancaster-stemmer": "^1.0.0",
        "stemmer": "^1.0.0",
        "underscore": "~1.8.2",
        "underscore.string": "^3.2.2",
        "utils-define-read-only-property": "^1.0.0",
        "validate.io-array-like": "^1.0.1",
        "validate.io-boolean-primitive": "^1.0.0",
        "validate.io-object": "^1.0.4",
        "validate.io-object-array": "^1.0.0",
        "validate.io-string-array": "^1.0.0",
        "validate.io-string-primitive": "^1.0.0"
      }
    },
    "underscore": {
      "version": "1.8.3",
      "resolved": "https://registry.npmjs.org/underscore/-/underscore-1.8.3.tgz",
      "integrity": "sha1-Tz+1OxBuYJf8+ctBCfKl6b36UCI="
    },
    "underscore.string": {
      "version": "3.3.5",
      "resolved": "https://registry.npmjs.org/underscore.string/-/underscore.string-3.3.5.tgz",
      "integrity": "sha512-g+dpmgn+XBneLmXXo+sGlW5xQEt4ErkS3mgeN2GFbremYeMBSJKr9Wf2KJplQVaiPY/f7FN6atosWYNm9ovrYg==",
      "requires": {
        "sprintf-js": "^1.0.3",
        "util-deprecate": "^1.0.2"
      }
    },
    "util-deprecate": {
      "version": "1.0.2",
      "resolved": "https://registry.npmjs.org/util-deprecate/-/util-deprecate-1.0.2.tgz",
      "integrity": "sha1-RQ1Nyfpw3nMnYvvS1KKJgUGaDM8="
    },
    "utils-define-read-only-property": {
      "version": "1.0.0",
      "resolved": "https://registry.npmjs.org/utils-define-read-only-property/-/utils-define-read-only-property-1.0.0.tgz",
      "integrity": "sha1-Ll21WssKnwb1yButn0JtDiT44W8="
    },
    "validate.io-array": {
      "version": "1.0.6",
      "resolved": "https://registry.npmjs.org/validate.io-array/-/validate.io-array-1.0.6.tgz",
      "integrity": "sha1-W1osr9j4uFq7L4hroVPy2Tond00="
    },
    "validate.io-array-like": {
      "version": "1.0.2",
      "resolved": "https://registry.npmjs.org/validate.io-array-like/-/validate.io-array-like-1.0.2.tgz",
      "integrity": "sha1-evn363tRcVvrIhVmjsXM5U+t21o=",
      "requires": {
        "const-max-uint32": "^1.0.2",
        "validate.io-integer-primitive": "^1.0.0"
      }
    },
    "validate.io-boolean-primitive": {
      "version": "1.0.0",
      "resolved": "https://registry.npmjs.org/validate.io-boolean-primitive/-/validate.io-boolean-primitive-1.0.0.tgz",
      "integrity": "sha1-uxTJy4aDw8nz0TKalad2jj7inrU="
    },
    "validate.io-integer-primitive": {
      "version": "1.0.0",
      "resolved": "https://registry.npmjs.org/validate.io-integer-primitive/-/validate.io-integer-primitive-1.0.0.tgz",
      "integrity": "sha1-qaoBA1X+hoHA/qbBp0rSQZyt3cY=",
      "requires": {
        "validate.io-number-primitive": "^1.0.0"
      }
    },
    "validate.io-number-primitive": {
      "version": "1.0.0",
      "resolved": "https://registry.npmjs.org/validate.io-number-primitive/-/validate.io-number-primitive-1.0.0.tgz",
      "integrity": "sha1-0uAfICmJNp3PEVVElWQgOv5YTlU="
    },
    "validate.io-object": {
      "version": "1.0.4",
      "resolved": "https://registry.npmjs.org/validate.io-object/-/validate.io-object-1.0.4.tgz",
      "integrity": "sha1-3KAezu45DhENvCr4Q8gfe/M6Qas=",
      "requires": {
        "validate.io-array": "^1.0.1"
      }
    },
    "validate.io-object-array": {
      "version": "1.0.0",
      "resolved": "https://registry.npmjs.org/validate.io-object-array/-/validate.io-object-array-1.0.0.tgz",
      "integrity": "sha1-mXr4SFERGvAf9drdwB+UyH8OUUM=",
      "requires": {
        "validate.io-array": "^1.0.3",
        "validate.io-object": "^1.0.3"
      }
    },
    "validate.io-string": {
      "version": "1.0.2",
      "resolved": "https://registry.npmjs.org/validate.io-string/-/validate.io-string-1.0.2.tgz",
      "integrity": "sha1-ur86Uoso5LnoAX4ygfx2ABrm3C8="
    },
    "validate.io-string-array": {
      "version": "1.0.0",
      "resolved": "https://registry.npmjs.org/validate.io-string-array/-/validate.io-string-array-1.0.0.tgz",
      "integrity": "sha1-5g5IAWctVlnjvJmk0QRPrwWh36M=",
      "requires": {
        "validate.io-array": "^1.0.3",
        "validate.io-string": "^1.0.2"
      }
    },
    "validate.io-string-primitive": {
      "version": "1.0.1",
      "resolved": "https://registry.npmjs.org/validate.io-string-primitive/-/validate.io-string-primitive-1.0.1.tgz",
      "integrity": "sha1-uBNbn7E3K94C/dU60dDM1t55j+4="
    }
  }
}
